
Microsoft Visual Studio Solution File, Format Version 12.00
# Visual Studio Version 16
VisualStudioVersion = 16.0.30011.22
MinimumVisualStudioVersion = 10.0.40219.1
Project("{FAE04EC0-301F-11D3-BF4B-00C04F79EFBC}") = "lic_man", "lic_man\lic_man.csproj", "{3B06AA00-0542-4BA5-9CFA-34816133F9A4}"
EndProject
Global
	GlobalSection(SolutionConfigurationPlatforms) = preSolution
		Debug|Any CPU = Debug|Any CPU
		Release|Any CPU = Release|Any CPU
	EndGlobalSection
	GlobalSection(ProjectConfigurationPlatforms) = postSolution
		{3B06AA00-0542-4BA5-9CFA-34816133F9A4}.Debug|Any CPU.ActiveCfg = Debug|Any CPU
		{3B06AA00-0542-4BA5-9CFA-34816133F9A4}.Debug|Any CPU.Build.0 = Debug|Any CPU
		{3B06AA00-0542-4BA5-9CFA-34816133F9A4}.Release|Any CPU.ActiveCfg = Release|Any CPU
		{3B06AA00-0542-4BA5-9CFA-34816133F9A4}.Release|Any CPU.Build.0 = Release|Any CPU
	EndGlobalSection
	GlobalSection(SolutionProperties) = preSolution
		HideSolutionNode = FALSE
	EndGlobalSection
	GlobalSection(ExtensibilityGlobals) = postSolution
		SolutionGuid = {5BCD3BE8-4F30-4C24-A1D6-9C2AD273C818}
	EndGlobalSection
EndGlobal
